
Microsoft Visual Studio Solution File, Format Version 12.00
# Visual Studio Version 16
VisualStudioVersion = 16.0.31205.134
MinimumVisualStudioVersion = 10.0.40219.1
Project("{FAE04EC0-301F-11D3-BF4B-00C04F79EFBC}") = "Queues", "Queues.csproj", "{D6BC4317-A157-4C26-9ED1-93FC0311B4CA}"
EndProject
Global
	GlobalSection(SolutionConfigurationPlatforms) = preSolution
		Debug|Any CPU = Debug|Any CPU
		Release|Any CPU = Release|Any CPU
	EndGlobalSection
	GlobalSection(ProjectConfigurationPlatforms) = postSolution
		{D6BC4317-A157-4C26-9ED1-93FC0311B4CA}.Debug|Any CPU.ActiveCfg = Debug|Any CPU
		{D6BC4317-A157-4C26-9ED1-93FC0311B4CA}.Debug|Any CPU.Build.0 = Debug|Any CPU
		{D6BC4317-A157-4C26-9ED1-93FC0311B4CA}.Release|Any CPU.ActiveCfg = Release|Any CPU
		{D6BC4317-A157-4C26-9ED1-93FC0311B4CA}.Release|Any CPU.Build.0 = Release|Any CPU
	EndGlobalSection
	GlobalSection(SolutionProperties) = preSolution
		HideSolutionNode = FALSE
	EndGlobalSection
	GlobalSection(ExtensibilityGlobals) = postSolution
		SolutionGuid = {35D02FF6-D569-4C5E-AF1F-150874B29B2C}
	EndGlobalSection
EndGlobal
